<?xml version="1.0" encoding="utf-8"?>
<Project ToolsVersion="4.0" xmlns="http://schemas.microsoft.com/developer/msbuild/2003">
  <ItemGroup>
    <Filter Include="资源文件">
      <UniqueIdentifier>{67DA6AB6-F800-4c08-8B7A-83BB121AAD01}</UniqueIdentifier>
      <Extensions>rc;ico;cur;bmp;dlg;rc2;rct;bin;rgs;gif;jpg;jpeg;jpe;resx;tiff;tif;png;wav;mfcribbon-ms</Extensions>
    </Filter>
    <Filter Include="sources">
      <UniqueIdentifier>{4FC737F1-C7A5-4376-A066-2A32D752A2FF}</UniqueIdentifier>
      <Extensions>cpp;c;cc;cxx;def;odl;idl;hpj;bat;asm;asmx</Extensions>
    </Filter>
    <Filter Include="headers">
      <UniqueIdentifier>{93995380-89BD-4b04-88EB-625FBE52EBFB}</UniqueIdentifier>
      <Extensions>h;hh;hpp;hxx;hm;inl;inc;xsd</Extensions>
    </Filter>
    <Filter Include="dp">
      <UniqueIdentifier>{a7e99915-0054-472a-8100-b45b11cf9b09}</UniqueIdentifier>
    </Filter>
  </ItemGroup>
  <ItemGroup>
    <Text Include="ReadMe.txt" />
  </ItemGroup>
  <ItemGroup>
    <ClInclude Include="kgl_lib_pch.h">
      <Filter>headers</Filter>
    </ClInclude>
    <ClInclude Include="kgl_app.h">
      <Filter>headers</Filter>
    </ClInclude>
    <ClInclude Include="kgl_camera.h">
      <Filter>headers</Filter>
    </ClInclude>
    <ClInclude Include="kgl_renderer.h">
      <Filter>headers</Filter>
    </ClInclude>
    <ClInclude Include="kgl_error.h">
      <Filter>headers</Filter>
    </ClInclude>
    <ClInclude Include="kgl_string_convertor.h">
      <Filter>headers</Filter>
    </ClInclude>
    <ClInclude Include="kgl_gpu_program.h">
      <Filter>headers</Filter>
    </ClInclude>
    <ClInclude Include="kgl_defines.h">
      <Filter>headers</Filter>
    </ClInclude>
    <ClInclude Include="kgl_vertex_attribute.h">
      <Filter>headers</Filter>
    </ClInclude>
    <ClInclude Include="kgl_primitive.h">
      <Filter>headers</Filter>
    </ClInclude>
    <ClInclude Include="kgl_source_texture.h">
      <Filter>headers</Filter>
    </ClInclude>
    <ClInclude Include="kgl_texture.h">
      <Filter>headers</Filter>
    </ClInclude>
    <ClInclude Include="kgl_material.h">
      <Filter>headers</Filter>
    </ClInclude>
    <ClInclude Include="kgl_light.h">
      <Filter>headers</Filter>
    </ClInclude>
    <ClInclude Include="kgl_primitive_tool.h">
      <Filter>headers</Filter>
    </ClInclude>
    <ClInclude Include="kgl_font_glyph_info.h">
      <Filter>headers</Filter>
    </ClInclude>
    <ClInclude Include="kgl_font_renderer.h">
      <Filter>headers</Filter>
    </ClInclude>
    <ClInclude Include="kgl_font_texture.h">
      <Filter>headers</Filter>
    </ClInclude>
    <ClInclude Include="kgl_font_uv_rect.h">
      <Filter>headers</Filter>
    </ClInclude>
    <ClInclude Include="kgl_font_veretx.h">
      <Filter>headers</Filter>
    </ClInclude>
    <ClInclude Include="kgl_font_primitive.h">
      <Filter>headers</Filter>
    </ClInclude>
    <ClInclude Include="kgl_vertex_type.h">
      <Filter>headers</Filter>
    </ClInclude>
    <ClInclude Include="kgl_texture_manager.h">
      <Filter>headers</Filter>
    </ClInclude>
    <ClInclude Include="kgl_render_state_blend.h">
      <Filter>headers</Filter>
    </ClInclude>
    <ClInclude Include="kgl_render_state_cull_mode.h">
      <Filter>headers</Filter>
    </ClInclude>
    <ClInclude Include="kgl_render_state_depth.h">
      <Filter>headers</Filter>
    </ClInclude>
    <ClInclude Include="kgl_render_state_draw_mode.h">
      <Filter>headers</Filter>
    </ClInclude>
    <ClInclude Include="kgl_frame_buffer.h">
      <Filter>headers</Filter>
    </ClInclude>
    <ClInclude Include="kgl_rendered_texture.h">
      <Filter>headers</Filter>
    </ClInclude>
    <ClInclude Include="dp\kgl_singleton.h">
      <Filter>dp</Filter>
    </ClInclude>
    <ClInclude Include="dp\kgl_events.h">
      <Filter>dp</Filter>
    </ClInclude>
    <ClInclude Include="kgl_sky_box.h">
      <Filter>headers</Filter>
    </ClInclude>
    <ClInclude Include="kgl_cubemap_texture.h">
      <Filter>headers</Filter>
    </ClInclude>
    <ClInclude Include="kgl_sprite.h">
      <Filter>headers</Filter>
    </ClInclude>
    <ClInclude Include="kgl_debug_tool.h">
      <Filter>headers</Filter>
    </ClInclude>
    <ClInclude Include="kgl_static_mesh.h">
      <Filter>headers</Filter>
    </ClInclude>
    <ClInclude Include="kgl_static_model.h">
      <Filter>headers</Filter>
    </ClInclude>
  </ItemGroup>
  <ItemGroup>
    <ClCompile Include="kgl_lib_pch.cc">
      <Filter>sources</Filter>
    </ClCompile>
    <ClCompile Include="kgl_app.cc">
      <Filter>sources</Filter>
    </ClCompile>
    <ClCompile Include="kgl_camera.cc">
      <Filter>sources</Filter>
    </ClCompile>
    <ClCompile Include="kgl_renderer.cc">
      <Filter>sources</Filter>
    </ClCompile>
    <ClCompile Include="kgl_error.cc">
      <Filter>sources</Filter>
    </ClCompile>
    <ClCompile Include="kgl_string_convertor.cc">
      <Filter>sources</Filter>
    </ClCompile>
    <ClCompile Include="kgl_gpu_program.cc">
      <Filter>sources</Filter>
    </ClCompile>
    <ClCompile Include="kgl_vertex_attribute.cc">
      <Filter>sources</Filter>
    </ClCompile>
    <ClCompile Include="kgl_primitive.cc">
      <Filter>sources</Filter>
    </ClCompile>
    <ClCompile Include="kgl_source_texture.cc">
      <Filter>sources</Filter>
    </ClCompile>
    <ClCompile Include="kgl_texture.cc">
      <Filter>sources</Filter>
    </ClCompile>
    <ClCompile Include="kgl_material.cc">
      <Filter>sources</Filter>
    </ClCompile>
    <ClCompile Include="kgl_light.cc">
      <Filter>sources</Filter>
    </ClCompile>
    <ClCompile Include="kgl_primitive_tool.cc">
      <Filter>sources</Filter>
    </ClCompile>
    <ClCompile Include="kgl_font_glyph_info.cc">
      <Filter>sources</Filter>
    </ClCompile>
    <ClCompile Include="kgl_font_renderer.cc">
      <Filter>sources</Filter>
    </ClCompile>
    <ClCompile Include="kgl_font_texture.cc">
      <Filter>sources</Filter>
    </ClCompile>
    <ClCompile Include="kgl_font_uv_rect.cc">
      <Filter>sources</Filter>
    </ClCompile>
    <ClCompile Include="kgl_font_vertex.cc">
      <Filter>sources</Filter>
    </ClCompile>
    <ClCompile Include="kgl_font_primitive.cc">
      <Filter>sources</Filter>
    </ClCompile>
    <ClCompile Include="kgl_vertex_type.cc">
      <Filter>sources</Filter>
    </ClCompile>
    <ClCompile Include="kgl_texture_manager.cc">
      <Filter>sources</Filter>
    </ClCompile>
    <ClCompile Include="kgl_render_state_blend.cc">
      <Filter>sources</Filter>
    </ClCompile>
    <ClCompile Include="kgl_render_state_cull_mode.cc">
      <Filter>sources</Filter>
    </ClCompile>
    <ClCompile Include="kgl_render_state_depth.cc">
      <Filter>sources</Filter>
    </ClCompile>
    <ClCompile Include="kgl_render_state_draw_mode.cc">
      <Filter>sources</Filter>
    </ClCompile>
    <ClCompile Include="kgl_frame_buffer.cc">
      <Filter>sources</Filter>
    </ClCompile>
    <ClCompile Include="kgl_rendered_texture.cc">
      <Filter>sources</Filter>
    </ClCompile>
    <ClCompile Include="kgl_sky_box.cc">
      <Filter>sources</Filter>
    </ClCompile>
    <ClCompile Include="kgl_cubemap_texture.cc">
      <Filter>sources</Filter>
    </ClCompile>
    <ClCompile Include="kgl_sprite.cc">
      <Filter>sources</Filter>
    </ClCompile>
    <ClCompile Include="kgl_debug_tool.cc">
      <Filter>sources</Filter>
    </ClCompile>
    <ClCompile Include="kgl_static_mesh.cc">
      <Filter>sources</Filter>
    </ClCompile>
    <ClCompile Include="kgl_static_model.cc">
      <Filter>sources</Filter>
    </ClCompile>
  </ItemGroup>
</Project>