
Microsoft Visual Studio Solution File, Format Version 12.00
# Visual Studio Version 17
VisualStudioVersion = 17.7.34003.232
MinimumVisualStudioVersion = 10.0.40219.1
Project("{8BC9CEB8-8B4A-11D0-8D11-00A0C91BC942}") = "klib", "klib\klib.vcxproj", "{9ADDC3CF-ED52-456E-8869-FBD492653F0F}"
EndProject
Project("{8BC9CEB8-8B4A-11D0-8D11-00A0C91BC942}") = "001_EmptyWindow", "001_EmptyWindow\001_EmptyWindow.vcxproj", "{B68AE1EC-BBD8-4118-B629-EEEFF14CCE41}"
	ProjectSection(ProjectDependencies) = postProject
		{9ADDC3CF-ED52-456E-8869-FBD492653F0F} = {9ADDC3CF-ED52-456E-8869-FBD492653F0F}
	EndProjectSection
EndProject
Project("{8BC9CEB8-8B4A-11D0-8D11-00A0C91BC942}") = "002_Triangle", "002_Triangle\002_Triangle.vcxproj", "{1E597238-22D3-4808-B510-6CADECE83903}"
	ProjectSection(ProjectDependencies) = postProject
		{9ADDC3CF-ED52-456E-8869-FBD492653F0F} = {9ADDC3CF-ED52-456E-8869-FBD492653F0F}
	EndProjectSection
EndProject
Project("{8BC9CEB8-8B4A-11D0-8D11-00A0C91BC942}") = "003_Texture", "003_Texture\003_Texture.vcxproj", "{E310CEB9-763B-4756-87ED-C62F02092242}"
	ProjectSection(ProjectDependencies) = postProject
		{9ADDC3CF-ED52-456E-8869-FBD492653F0F} = {9ADDC3CF-ED52-456E-8869-FBD492653F0F}
	EndProjectSection
EndProject
Project("{8BC9CEB8-8B4A-11D0-8D11-00A0C91BC942}") = "004_Transform", "004_Transform\004_Transform.vcxproj", "{84B239CF-BEF7-40B0-A60D-6BA89BD58B50}"
	ProjectSection(ProjectDependencies) = postProject
		{9ADDC3CF-ED52-456E-8869-FBD492653F0F} = {9ADDC3CF-ED52-456E-8869-FBD492653F0F}
	EndProjectSection
EndProject
Project("{8BC9CEB8-8B4A-11D0-8D11-00A0C91BC942}") = "005_DynamicVertexBuffer", "005_DynamicVertexBuffer\005_DynamicVertexBuffer.vcxproj", "{BD538E31-9F4D-43BE-B8C9-BCAE0B7C7C9F}"
EndProject
Project("{8BC9CEB8-8B4A-11D0-8D11-00A0C91BC942}") = "007_Camera", "007_Camera\007_Camera.vcxproj", "{857543F7-6C44-48E2-BA59-F39656642129}"
	ProjectSection(ProjectDependencies) = postProject
		{9ADDC3CF-ED52-456E-8869-FBD492653F0F} = {9ADDC3CF-ED52-456E-8869-FBD492653F0F}
	EndProjectSection
EndProject
Project("{8BC9CEB8-8B4A-11D0-8D11-00A0C91BC942}") = "008_Font", "008_Font\008_Font.vcxproj", "{87AD6072-8CED-4B9D-A56D-CD4ECCE8BA12}"
	ProjectSection(ProjectDependencies) = postProject
		{9ADDC3CF-ED52-456E-8869-FBD492653F0F} = {9ADDC3CF-ED52-456E-8869-FBD492653F0F}
	EndProjectSection
EndProject
Project("{8BC9CEB8-8B4A-11D0-8D11-00A0C91BC942}") = "006_DynamicTexture", "006_DynamicTexture\006_DynamicTexture.vcxproj", "{575646A3-3D54-4E49-B7B0-E286FFFB8999}"
	ProjectSection(ProjectDependencies) = postProject
		{9ADDC3CF-ED52-456E-8869-FBD492653F0F} = {9ADDC3CF-ED52-456E-8869-FBD492653F0F}
	EndProjectSection
EndProject
Project("{8BC9CEB8-8B4A-11D0-8D11-00A0C91BC942}") = "010_Lighting", "010_Lighting\010_Lighting.vcxproj", "{3571A06D-1894-4C0E-B4E8-E501D1F60531}"
	ProjectSection(ProjectDependencies) = postProject
		{9ADDC3CF-ED52-456E-8869-FBD492653F0F} = {9ADDC3CF-ED52-456E-8869-FBD492653F0F}
	EndProjectSection
EndProject
Project("{8BC9CEB8-8B4A-11D0-8D11-00A0C91BC942}") = "009_Assimp", "009_Assimp\009_Assimp.vcxproj", "{06550B17-A3E8-4D52-96A6-120CBA2560AA}"
	ProjectSection(ProjectDependencies) = postProject
		{9ADDC3CF-ED52-456E-8869-FBD492653F0F} = {9ADDC3CF-ED52-456E-8869-FBD492653F0F}
	EndProjectSection
EndProject
Project("{8BC9CEB8-8B4A-11D0-8D11-00A0C91BC942}") = "011_RenderState", "011_RenderState\011_RenderState.vcxproj", "{12930883-2D2E-483D-924B-62E2AC528506}"
	ProjectSection(ProjectDependencies) = postProject
		{9ADDC3CF-ED52-456E-8869-FBD492653F0F} = {9ADDC3CF-ED52-456E-8869-FBD492653F0F}
	EndProjectSection
EndProject
Project("{8BC9CEB8-8B4A-11D0-8D11-00A0C91BC942}") = "012_FrameBuffer", "012_FrameBuffer\012_FrameBuffer.vcxproj", "{D439F036-D691-4BC9-878B-103E7FF83F2A}"
	ProjectSection(ProjectDependencies) = postProject
		{9ADDC3CF-ED52-456E-8869-FBD492653F0F} = {9ADDC3CF-ED52-456E-8869-FBD492653F0F}
	EndProjectSection
EndProject
Project("{8BC9CEB8-8B4A-11D0-8D11-00A0C91BC942}") = "013_SkyBox", "013_SkyBox\013_SkyBox.vcxproj", "{04D5A8CF-F54F-4CB9-B69F-D9A040F7AFF1}"
	ProjectSection(ProjectDependencies) = postProject
		{9ADDC3CF-ED52-456E-8869-FBD492653F0F} = {9ADDC3CF-ED52-456E-8869-FBD492653F0F}
	EndProjectSection
EndProject
Project("{8BC9CEB8-8B4A-11D0-8D11-00A0C91BC942}") = "014_GeometryShader", "014_GeometryShader\014_GeometryShader.vcxproj", "{C8937E43-548F-4244-A66E-95B3B6B72F14}"
	ProjectSection(ProjectDependencies) = postProject
		{9ADDC3CF-ED52-456E-8869-FBD492653F0F} = {9ADDC3CF-ED52-456E-8869-FBD492653F0F}
	EndProjectSection
EndProject
Project("{8BC9CEB8-8B4A-11D0-8D11-00A0C91BC942}") = "015_Blur", "015_Blur\015_Blur.vcxproj", "{305653ED-61C3-4244-A66A-9D7F6B245229}"
	ProjectSection(ProjectDependencies) = postProject
		{9ADDC3CF-ED52-456E-8869-FBD492653F0F} = {9ADDC3CF-ED52-456E-8869-FBD492653F0F}
	EndProjectSection
EndProject
Project("{8BC9CEB8-8B4A-11D0-8D11-00A0C91BC942}") = "030_LowPolyTerrain", "030_LowPolyTerrain\030_LowPolyTerrain.vcxproj", "{43C4DA6A-12C2-48C4-A09A-DF082DC17BFA}"
	ProjectSection(ProjectDependencies) = postProject
		{9ADDC3CF-ED52-456E-8869-FBD492653F0F} = {9ADDC3CF-ED52-456E-8869-FBD492653F0F}
	EndProjectSection
EndProject
Project("{8BC9CEB8-8B4A-11D0-8D11-00A0C91BC942}") = "016_NormalMapping", "016_NormalMapping\016_NormalMapping.vcxproj", "{FCE99A52-397B-4617-AE74-1AE3821E277D}"
	ProjectSection(ProjectDependencies) = postProject
		{9ADDC3CF-ED52-456E-8869-FBD492653F0F} = {9ADDC3CF-ED52-456E-8869-FBD492653F0F}
	EndProjectSection
EndProject
Project("{8BC9CEB8-8B4A-11D0-8D11-00A0C91BC942}") = "017_ParallaxMapping", "017_ParallaxMapping\017_ParallaxMapping.vcxproj", "{B585DCB0-4775-4994-AB14-E9C5D8D16E3F}"
	ProjectSection(ProjectDependencies) = postProject
		{9ADDC3CF-ED52-456E-8869-FBD492653F0F} = {9ADDC3CF-ED52-456E-8869-FBD492653F0F}
	EndProjectSection
EndProject
Project("{8BC9CEB8-8B4A-11D0-8D11-00A0C91BC942}") = "022_HDR", "022_HDR\022_HDR.vcxproj", "{24612D2C-787A-4F0A-ADD5-966DBF21A5BF}"
	ProjectSection(ProjectDependencies) = postProject
		{9ADDC3CF-ED52-456E-8869-FBD492653F0F} = {9ADDC3CF-ED52-456E-8869-FBD492653F0F}
	EndProjectSection
EndProject
Project("{8BC9CEB8-8B4A-11D0-8D11-00A0C91BC942}") = "040_ImageEffect", "040_ImageEffect\040_ImageEffect.vcxproj", "{5EA835A8-4DF9-4515-93E6-5B4E8A46DE95}"
	ProjectSection(ProjectDependencies) = postProject
		{9ADDC3CF-ED52-456E-8869-FBD492653F0F} = {9ADDC3CF-ED52-456E-8869-FBD492653F0F}
	EndProjectSection
EndProject
Project("{8BC9CEB8-8B4A-11D0-8D11-00A0C91BC942}") = "099_OldMovieEffect", "099_OldMovieEffect\099_OldMovieEffect.vcxproj", "{8506A535-F4FD-422C-9C33-D3099D3DF84C}"
	ProjectSection(ProjectDependencies) = postProject
		{9ADDC3CF-ED52-456E-8869-FBD492653F0F} = {9ADDC3CF-ED52-456E-8869-FBD492653F0F}
	EndProjectSection
EndProject
Project("{8BC9CEB8-8B4A-11D0-8D11-00A0C91BC942}") = "100_PixelMagic", "100_PixelMagic\100_PixelMagic.vcxproj", "{8A6920E4-565F-425D-BB31-ABF6929B6AD0}"
	ProjectSection(ProjectDependencies) = postProject
		{9ADDC3CF-ED52-456E-8869-FBD492653F0F} = {9ADDC3CF-ED52-456E-8869-FBD492653F0F}
	EndProjectSection
EndProject
Project("{8BC9CEB8-8B4A-11D0-8D11-00A0C91BC942}") = "020_DeferredRendering", "020_DeferredRendering\020_DeferredRendering.vcxproj", "{877423C7-2344-4BE2-AEC3-4066559D5A21}"
	ProjectSection(ProjectDependencies) = postProject
		{9ADDC3CF-ED52-456E-8869-FBD492653F0F} = {9ADDC3CF-ED52-456E-8869-FBD492653F0F}
	EndProjectSection
EndProject
Project("{8BC9CEB8-8B4A-11D0-8D11-00A0C91BC942}") = "025_ShadowMapping", "025_ShadowMapping\025_ShadowMapping.vcxproj", "{B4764610-D2D6-4EBE-8E05-D5AA24441B14}"
	ProjectSection(ProjectDependencies) = postProject
		{9ADDC3CF-ED52-456E-8869-FBD492653F0F} = {9ADDC3CF-ED52-456E-8869-FBD492653F0F}
	EndProjectSection
EndProject
Project("{8BC9CEB8-8B4A-11D0-8D11-00A0C91BC942}") = "080_WaterEffect", "080_WaterEffect\080_WaterEffect.vcxproj", "{30005E7A-3E74-4834-957C-CBF1137B99D6}"
	ProjectSection(ProjectDependencies) = postProject
		{9ADDC3CF-ED52-456E-8869-FBD492653F0F} = {9ADDC3CF-ED52-456E-8869-FBD492653F0F}
	EndProjectSection
EndProject
Project("{8BC9CEB8-8B4A-11D0-8D11-00A0C91BC942}") = "024_VertexDisplacement", "024_VertexDisplacement\024_VertexDisplacement.vcxproj", "{4FEF4261-95B2-4396-85DA-E9532421ABC9}"
	ProjectSection(ProjectDependencies) = postProject
		{9ADDC3CF-ED52-456E-8869-FBD492653F0F} = {9ADDC3CF-ED52-456E-8869-FBD492653F0F}
	EndProjectSection
EndProject
Project("{8BC9CEB8-8B4A-11D0-8D11-00A0C91BC942}") = "050_ParticleSystem", "050_ParticleSystem\050_ParticleSystem.vcxproj", "{86B7C632-8E0D-4036-8020-3F66DA4CB0B6}"
	ProjectSection(ProjectDependencies) = postProject
		{9ADDC3CF-ED52-456E-8869-FBD492653F0F} = {9ADDC3CF-ED52-456E-8869-FBD492653F0F}
	EndProjectSection
EndProject
Project("{8BC9CEB8-8B4A-11D0-8D11-00A0C91BC942}") = "026_KeyframeAnimation", "026_KeyframeAnimation\026_KeyframeAnimation.vcxproj", "{C5DC06E6-0A09-470E-9B02-94FE63CC4F48}"
	ProjectSection(ProjectDependencies) = postProject
		{9ADDC3CF-ED52-456E-8869-FBD492653F0F} = {9ADDC3CF-ED52-456E-8869-FBD492653F0F}
	EndProjectSection
EndProject
Project("{8BC9CEB8-8B4A-11D0-8D11-00A0C91BC942}") = "090_PbrLighting", "090_PbrLighting\090_PbrLighting.vcxproj", "{F6860B29-8260-4690-A296-73AFA35EEA21}"
EndProject
Project("{8BC9CEB8-8B4A-11D0-8D11-00A0C91BC942}") = "089_SSAO", "089_SSAO\089_SSAO.vcxproj", "{F35257E8-918E-479B-9CF1-8A9FDF50A243}"
	ProjectSection(ProjectDependencies) = postProject
		{9ADDC3CF-ED52-456E-8869-FBD492653F0F} = {9ADDC3CF-ED52-456E-8869-FBD492653F0F}
	EndProjectSection
EndProject
Project("{8BC9CEB8-8B4A-11D0-8D11-00A0C91BC942}") = "033_GeometryShaderGrass", "033_GeometryShaderGrass\033_GeometryShaderGrass.vcxproj", "{DD4821EF-907A-41A0-837F-2E0A762680B9}"
EndProject
Project("{8BC9CEB8-8B4A-11D0-8D11-00A0C91BC942}") = "DigitalSculpt", "DigitalSculpt\DigitalSculpt.vcxproj", "{C5DB148E-5747-4B4D-9251-67B6A17FAB8D}"
	ProjectSection(ProjectDependencies) = postProject
		{9ADDC3CF-ED52-456E-8869-FBD492653F0F} = {9ADDC3CF-ED52-456E-8869-FBD492653F0F}
	EndProjectSection
EndProject
Global
	GlobalSection(SolutionConfigurationPlatforms) = preSolution
		Debug|Win32 = Debug|Win32
		Release|Win32 = Release|Win32
	EndGlobalSection
	GlobalSection(ProjectConfigurationPlatforms) = postSolution
		{9ADDC3CF-ED52-456E-8869-FBD492653F0F}.Debug|Win32.ActiveCfg = Debug|Win32
		{9ADDC3CF-ED52-456E-8869-FBD492653F0F}.Debug|Win32.Build.0 = Debug|Win32
		{9ADDC3CF-ED52-456E-8869-FBD492653F0F}.Release|Win32.ActiveCfg = Release|Win32
		{9ADDC3CF-ED52-456E-8869-FBD492653F0F}.Release|Win32.Build.0 = Release|Win32
		{B68AE1EC-BBD8-4118-B629-EEEFF14CCE41}.Debug|Win32.ActiveCfg = Debug|Win32
		{B68AE1EC-BBD8-4118-B629-EEEFF14CCE41}.Debug|Win32.Build.0 = Debug|Win32
		{B68AE1EC-BBD8-4118-B629-EEEFF14CCE41}.Release|Win32.ActiveCfg = Release|Win32
		{B68AE1EC-BBD8-4118-B629-EEEFF14CCE41}.Release|Win32.Build.0 = Release|Win32
		{1E597238-22D3-4808-B510-6CADECE83903}.Debug|Win32.ActiveCfg = Debug|Win32
		{1E597238-22D3-4808-B510-6CADECE83903}.Debug|Win32.Build.0 = Debug|Win32
		{1E597238-22D3-4808-B510-6CADECE83903}.Release|Win32.ActiveCfg = Release|Win32
		{1E597238-22D3-4808-B510-6CADECE83903}.Release|Win32.Build.0 = Release|Win32
		{E310CEB9-763B-4756-87ED-C62F02092242}.Debug|Win32.ActiveCfg = Debug|Win32
		{E310CEB9-763B-4756-87ED-C62F02092242}.Debug|Win32.Build.0 = Debug|Win32
		{E310CEB9-763B-4756-87ED-C62F02092242}.Release|Win32.ActiveCfg = Release|Win32
		{E310CEB9-763B-4756-87ED-C62F02092242}.Release|Win32.Build.0 = Release|Win32
		{84B239CF-BEF7-40B0-A60D-6BA89BD58B50}.Debug|Win32.ActiveCfg = Debug|Win32
		{84B239CF-BEF7-40B0-A60D-6BA89BD58B50}.Debug|Win32.Build.0 = Debug|Win32
		{84B239CF-BEF7-40B0-A60D-6BA89BD58B50}.Release|Win32.ActiveCfg = Release|Win32
		{84B239CF-BEF7-40B0-A60D-6BA89BD58B50}.Release|Win32.Build.0 = Release|Win32
		{BD538E31-9F4D-43BE-B8C9-BCAE0B7C7C9F}.Debug|Win32.ActiveCfg = Debug|Win32
		{BD538E31-9F4D-43BE-B8C9-BCAE0B7C7C9F}.Debug|Win32.Build.0 = Debug|Win32
		{BD538E31-9F4D-43BE-B8C9-BCAE0B7C7C9F}.Release|Win32.ActiveCfg = Release|Win32
		{BD538E31-9F4D-43BE-B8C9-BCAE0B7C7C9F}.Release|Win32.Build.0 = Release|Win32
		{857543F7-6C44-48E2-BA59-F39656642129}.Debug|Win32.ActiveCfg = Debug|Win32
		{857543F7-6C44-48E2-BA59-F39656642129}.Debug|Win32.Build.0 = Debug|Win32
		{857543F7-6C44-48E2-BA59-F39656642129}.Release|Win32.ActiveCfg = Release|Win32
		{857543F7-6C44-48E2-BA59-F39656642129}.Release|Win32.Build.0 = Release|Win32
		{87AD6072-8CED-4B9D-A56D-CD4ECCE8BA12}.Debug|Win32.ActiveCfg = Debug|Win32
		{87AD6072-8CED-4B9D-A56D-CD4ECCE8BA12}.Debug|Win32.Build.0 = Debug|Win32
		{87AD6072-8CED-4B9D-A56D-CD4ECCE8BA12}.Release|Win32.ActiveCfg = Release|Win32
		{87AD6072-8CED-4B9D-A56D-CD4ECCE8BA12}.Release|Win32.Build.0 = Release|Win32
		{575646A3-3D54-4E49-B7B0-E286FFFB8999}.Debug|Win32.ActiveCfg = Debug|Win32
		{575646A3-3D54-4E49-B7B0-E286FFFB8999}.Debug|Win32.Build.0 = Debug|Win32
		{575646A3-3D54-4E49-B7B0-E286FFFB8999}.Release|Win32.ActiveCfg = Release|Win32
		{575646A3-3D54-4E49-B7B0-E286FFFB8999}.Release|Win32.Build.0 = Release|Win32
		{3571A06D-1894-4C0E-B4E8-E501D1F60531}.Debug|Win32.ActiveCfg = Debug|Win32
		{3571A06D-1894-4C0E-B4E8-E501D1F60531}.Debug|Win32.Build.0 = Debug|Win32
		{3571A06D-1894-4C0E-B4E8-E501D1F60531}.Release|Win32.ActiveCfg = Release|Win32
		{3571A06D-1894-4C0E-B4E8-E501D1F60531}.Release|Win32.Build.0 = Release|Win32
		{06550B17-A3E8-4D52-96A6-120CBA2560AA}.Debug|Win32.ActiveCfg = Debug|Win32
		{06550B17-A3E8-4D52-96A6-120CBA2560AA}.Debug|Win32.Build.0 = Debug|Win32
		{06550B17-A3E8-4D52-96A6-120CBA2560AA}.Release|Win32.ActiveCfg = Release|Win32
		{06550B17-A3E8-4D52-96A6-120CBA2560AA}.Release|Win32.Build.0 = Release|Win32
		{12930883-2D2E-483D-924B-62E2AC528506}.Debug|Win32.ActiveCfg = Debug|Win32
		{12930883-2D2E-483D-924B-62E2AC528506}.Debug|Win32.Build.0 = Debug|Win32
		{12930883-2D2E-483D-924B-62E2AC528506}.Release|Win32.ActiveCfg = Release|Win32
		{12930883-2D2E-483D-924B-62E2AC528506}.Release|Win32.Build.0 = Release|Win32
		{D439F036-D691-4BC9-878B-103E7FF83F2A}.Debug|Win32.ActiveCfg = Debug|Win32
		{D439F036-D691-4BC9-878B-103E7FF83F2A}.Debug|Win32.Build.0 = Debug|Win32
		{D439F036-D691-4BC9-878B-103E7FF83F2A}.Release|Win32.ActiveCfg = Release|Win32
		{D439F036-D691-4BC9-878B-103E7FF83F2A}.Release|Win32.Build.0 = Release|Win32
		{04D5A8CF-F54F-4CB9-B69F-D9A040F7AFF1}.Debug|Win32.ActiveCfg = Debug|Win32
		{04D5A8CF-F54F-4CB9-B69F-D9A040F7AFF1}.Debug|Win32.Build.0 = Debug|Win32
		{04D5A8CF-F54F-4CB9-B69F-D9A040F7AFF1}.Release|Win32.ActiveCfg = Release|Win32
		{04D5A8CF-F54F-4CB9-B69F-D9A040F7AFF1}.Release|Win32.Build.0 = Release|Win32
		{C8937E43-548F-4244-A66E-95B3B6B72F14}.Debug|Win32.ActiveCfg = Debug|Win32
		{C8937E43-548F-4244-A66E-95B3B6B72F14}.Debug|Win32.Build.0 = Debug|Win32
		{C8937E43-548F-4244-A66E-95B3B6B72F14}.Release|Win32.ActiveCfg = Release|Win32
		{C8937E43-548F-4244-A66E-95B3B6B72F14}.Release|Win32.Build.0 = Release|Win32
		{305653ED-61C3-4244-A66A-9D7F6B245229}.Debug|Win32.ActiveCfg = Debug|Win32
		{305653ED-61C3-4244-A66A-9D7F6B245229}.Debug|Win32.Build.0 = Debug|Win32
		{305653ED-61C3-4244-A66A-9D7F6B245229}.Release|Win32.ActiveCfg = Release|Win32
		{305653ED-61C3-4244-A66A-9D7F6B245229}.Release|Win32.Build.0 = Release|Win32
		{43C4DA6A-12C2-48C4-A09A-DF082DC17BFA}.Debug|Win32.ActiveCfg = Debug|Win32
		{43C4DA6A-12C2-48C4-A09A-DF082DC17BFA}.Debug|Win32.Build.0 = Debug|Win32
		{43C4DA6A-12C2-48C4-A09A-DF082DC17BFA}.Release|Win32.ActiveCfg = Release|Win32
		{43C4DA6A-12C2-48C4-A09A-DF082DC17BFA}.Release|Win32.Build.0 = Release|Win32
		{FCE99A52-397B-4617-AE74-1AE3821E277D}.Debug|Win32.ActiveCfg = Debug|Win32
		{FCE99A52-397B-4617-AE74-1AE3821E277D}.Debug|Win32.Build.0 = Debug|Win32
		{FCE99A52-397B-4617-AE74-1AE3821E277D}.Release|Win32.ActiveCfg = Release|Win32
		{FCE99A52-397B-4617-AE74-1AE3821E277D}.Release|Win32.Build.0 = Release|Win32
		{B585DCB0-4775-4994-AB14-E9C5D8D16E3F}.Debug|Win32.ActiveCfg = Debug|Win32
		{B585DCB0-4775-4994-AB14-E9C5D8D16E3F}.Debug|Win32.Build.0 = Debug|Win32
		{B585DCB0-4775-4994-AB14-E9C5D8D16E3F}.Release|Win32.ActiveCfg = Release|Win32
		{B585DCB0-4775-4994-AB14-E9C5D8D16E3F}.Release|Win32.Build.0 = Release|Win32
		{24612D2C-787A-4F0A-ADD5-966DBF21A5BF}.Debug|Win32.ActiveCfg = Debug|Win32
		{24612D2C-787A-4F0A-ADD5-966DBF21A5BF}.Debug|Win32.Build.0 = Debug|Win32
		{24612D2C-787A-4F0A-ADD5-966DBF21A5BF}.Release|Win32.ActiveCfg = Release|Win32
		{24612D2C-787A-4F0A-ADD5-966DBF21A5BF}.Release|Win32.Build.0 = Release|Win32
		{5EA835A8-4DF9-4515-93E6-5B4E8A46DE95}.Debug|Win32.ActiveCfg = Debug|Win32
		{5EA835A8-4DF9-4515-93E6-5B4E8A46DE95}.Debug|Win32.Build.0 = Debug|Win32
		{5EA835A8-4DF9-4515-93E6-5B4E8A46DE95}.Release|Win32.ActiveCfg = Release|Win32
		{5EA835A8-4DF9-4515-93E6-5B4E8A46DE95}.Release|Win32.Build.0 = Release|Win32
		{8506A535-F4FD-422C-9C33-D3099D3DF84C}.Debug|Win32.ActiveCfg = Debug|Win32
		{8506A535-F4FD-422C-9C33-D3099D3DF84C}.Debug|Win32.Build.0 = Debug|Win32
		{8506A535-F4FD-422C-9C33-D3099D3DF84C}.Release|Win32.ActiveCfg = Release|Win32
		{8506A535-F4FD-422C-9C33-D3099D3DF84C}.Release|Win32.Build.0 = Release|Win32
		{8A6920E4-565F-425D-BB31-ABF6929B6AD0}.Debug|Win32.ActiveCfg = Debug|Win32
		{8A6920E4-565F-425D-BB31-ABF6929B6AD0}.Debug|Win32.Build.0 = Debug|Win32
		{8A6920E4-565F-425D-BB31-ABF6929B6AD0}.Release|Win32.ActiveCfg = Release|Win32
		{8A6920E4-565F-425D-BB31-ABF6929B6AD0}.Release|Win32.Build.0 = Release|Win32
		{877423C7-2344-4BE2-AEC3-4066559D5A21}.Debug|Win32.ActiveCfg = Debug|Win32
		{877423C7-2344-4BE2-AEC3-4066559D5A21}.Debug|Win32.Build.0 = Debug|Win32
		{877423C7-2344-4BE2-AEC3-4066559D5A21}.Release|Win32.ActiveCfg = Release|Win32
		{877423C7-2344-4BE2-AEC3-4066559D5A21}.Release|Win32.Build.0 = Release|Win32
		{B4764610-D2D6-4EBE-8E05-D5AA24441B14}.Debug|Win32.ActiveCfg = Debug|Win32
		{B4764610-D2D6-4EBE-8E05-D5AA24441B14}.Debug|Win32.Build.0 = Debug|Win32
		{B4764610-D2D6-4EBE-8E05-D5AA24441B14}.Release|Win32.ActiveCfg = Release|Win32
		{B4764610-D2D6-4EBE-8E05-D5AA24441B14}.Release|Win32.Build.0 = Release|Win32
		{30005E7A-3E74-4834-957C-CBF1137B99D6}.Debug|Win32.ActiveCfg = Debug|Win32
		{30005E7A-3E74-4834-957C-CBF1137B99D6}.Debug|Win32.Build.0 = Debug|Win32
		{30005E7A-3E74-4834-957C-CBF1137B99D6}.Release|Win32.ActiveCfg = Release|Win32
		{30005E7A-3E74-4834-957C-CBF1137B99D6}.Release|Win32.Build.0 = Release|Win32
		{4FEF4261-95B2-4396-85DA-E9532421ABC9}.Debug|Win32.ActiveCfg = Debug|Win32
		{4FEF4261-95B2-4396-85DA-E9532421ABC9}.Debug|Win32.Build.0 = Debug|Win32
		{4FEF4261-95B2-4396-85DA-E9532421ABC9}.Release|Win32.ActiveCfg = Release|Win32
		{4FEF4261-95B2-4396-85DA-E9532421ABC9}.Release|Win32.Build.0 = Release|Win32
		{86B7C632-8E0D-4036-8020-3F66DA4CB0B6}.Debug|Win32.ActiveCfg = Debug|Win32
		{86B7C632-8E0D-4036-8020-3F66DA4CB0B6}.Debug|Win32.Build.0 = Debug|Win32
		{86B7C632-8E0D-4036-8020-3F66DA4CB0B6}.Release|Win32.ActiveCfg = Release|Win32
		{86B7C632-8E0D-4036-8020-3F66DA4CB0B6}.Release|Win32.Build.0 = Release|Win32
		{C5DC06E6-0A09-470E-9B02-94FE63CC4F48}.Debug|Win32.ActiveCfg = Debug|Win32
		{C5DC06E6-0A09-470E-9B02-94FE63CC4F48}.Debug|Win32.Build.0 = Debug|Win32
		{C5DC06E6-0A09-470E-9B02-94FE63CC4F48}.Release|Win32.ActiveCfg = Release|Win32
		{C5DC06E6-0A09-470E-9B02-94FE63CC4F48}.Release|Win32.Build.0 = Release|Win32
		{F6860B29-8260-4690-A296-73AFA35EEA21}.Debug|Win32.ActiveCfg = Debug|Win32
		{F6860B29-8260-4690-A296-73AFA35EEA21}.Debug|Win32.Build.0 = Debug|Win32
		{F6860B29-8260-4690-A296-73AFA35EEA21}.Release|Win32.ActiveCfg = Release|Win32
		{F6860B29-8260-4690-A296-73AFA35EEA21}.Release|Win32.Build.0 = Release|Win32
		{F35257E8-918E-479B-9CF1-8A9FDF50A243}.Debug|Win32.ActiveCfg = Debug|Win32
		{F35257E8-918E-479B-9CF1-8A9FDF50A243}.Debug|Win32.Build.0 = Debug|Win32
		{F35257E8-918E-479B-9CF1-8A9FDF50A243}.Release|Win32.ActiveCfg = Release|Win32
		{F35257E8-918E-479B-9CF1-8A9FDF50A243}.Release|Win32.Build.0 = Release|Win32
		{DD4821EF-907A-41A0-837F-2E0A762680B9}.Debug|Win32.ActiveCfg = Debug|Win32
		{DD4821EF-907A-41A0-837F-2E0A762680B9}.Debug|Win32.Build.0 = Debug|Win32
		{DD4821EF-907A-41A0-837F-2E0A762680B9}.Release|Win32.ActiveCfg = Release|Win32
		{DD4821EF-907A-41A0-837F-2E0A762680B9}.Release|Win32.Build.0 = Release|Win32
		{C5DB148E-5747-4B4D-9251-67B6A17FAB8D}.Debug|Win32.ActiveCfg = Debug|Win32
		{C5DB148E-5747-4B4D-9251-67B6A17FAB8D}.Debug|Win32.Build.0 = Debug|Win32
		{C5DB148E-5747-4B4D-9251-67B6A17FAB8D}.Release|Win32.ActiveCfg = Release|Win32
		{C5DB148E-5747-4B4D-9251-67B6A17FAB8D}.Release|Win32.Build.0 = Release|Win32
	EndGlobalSection
	GlobalSection(SolutionProperties) = preSolution
		HideSolutionNode = FALSE
	EndGlobalSection
	GlobalSection(ExtensibilityGlobals) = postSolution
		SolutionGuid = {8F98FB4C-DEE8-4049-98DB-4B5B2C51F2C8}
	EndGlobalSection
EndGlobal
