<?xml version="1.0" encoding="utf-8"?>
<Project ToolsVersion="4.0" xmlns="http://schemas.microsoft.com/developer/msbuild/2003">
  <ItemGroup>
    <Filter Include="源文件">
      <UniqueIdentifier>{4FC737F1-C7A5-4376-A066-2A32D752A2FF}</UniqueIdentifier>
      <Extensions>cpp;c;cc;cxx;def;odl;idl;hpj;bat;asm;asmx</Extensions>
    </Filter>
    <Filter Include="头文件">
      <UniqueIdentifier>{93995380-89BD-4b04-88EB-625FBE52EBFB}</UniqueIdentifier>
      <Extensions>h;hh;hpp;hxx;hm;inl;inc;xsd</Extensions>
    </Filter>
    <Filter Include="资源文件">
      <UniqueIdentifier>{67DA6AB6-F800-4c08-8B7A-83BB121AAD01}</UniqueIdentifier>
      <Extensions>rc;ico;cur;bmp;dlg;rc2;rct;bin;rgs;gif;jpg;jpeg;jpe;resx;tiff;tif;png;wav;mfcribbon-ms</Extensions>
    </Filter>
  </ItemGroup>
  <ItemGroup>
    <ClInclude Include="v3d.h">
      <Filter>头文件</Filter>
    </ClInclude>
    <ClInclude Include="indices.h">
      <Filter>头文件</Filter>
    </ClInclude>
    <ClInclude Include="vertex_list.h">
      <Filter>头文件</Filter>
    </ClInclude>
    <ClInclude Include="triangle_list.h">
      <Filter>头文件</Filter>
    </ClInclude>
    <ClInclude Include="indexed_triangle.h">
      <Filter>头文件</Filter>
    </ClInclude>
    <ClInclude Include="vertex_look_up.h">
      <Filter>头文件</Filter>
    </ClInclude>
    <ClInclude Include="edge.h">
      <Filter>头文件</Filter>
    </ClInclude>
    <ClInclude Include="edge_list.h">
      <Filter>头文件</Filter>
    </ClInclude>
    <ClInclude Include="triangle_look_up.h">
      <Filter>头文件</Filter>
    </ClInclude>
    <ClInclude Include="graphics_buffer_object.h">
      <Filter>头文件</Filter>
    </ClInclude>
    <ClInclude Include="transformer.h">
      <Filter>头文件</Filter>
    </ClInclude>
    <ClInclude Include="math_definitions.h">
      <Filter>头文件</Filter>
    </ClInclude>
    <ClInclude Include="graphics_data.h">
      <Filter>头文件</Filter>
    </ClInclude>
    <ClInclude Include="open_gl_wrapper.h">
      <Filter>头文件</Filter>
    </ClInclude>
    <ClInclude Include="mesh_stats.h">
      <Filter>头文件</Filter>
    </ClInclude>
    <ClInclude Include="octree_stats.h">
      <Filter>头文件</Filter>
    </ClInclude>
  </ItemGroup>
  <ItemGroup>
    <ClCompile Include="v3d.cc">
      <Filter>源文件</Filter>
    </ClCompile>
    <ClCompile Include="indices.cc">
      <Filter>源文件</Filter>
    </ClCompile>
    <ClCompile Include="vertex_list.cc">
      <Filter>源文件</Filter>
    </ClCompile>
    <ClCompile Include="triangle_list.cc">
      <Filter>源文件</Filter>
    </ClCompile>
    <ClCompile Include="indexed_triangle.cc">
      <Filter>源文件</Filter>
    </ClCompile>
    <ClCompile Include="vertex_look_up.cc">
      <Filter>源文件</Filter>
    </ClCompile>
    <ClCompile Include="edge.cc">
      <Filter>源文件</Filter>
    </ClCompile>
    <ClCompile Include="edge_list.cc">
      <Filter>源文件</Filter>
    </ClCompile>
    <ClCompile Include="triangle_look_up.cc">
      <Filter>源文件</Filter>
    </ClCompile>
    <ClCompile Include="graphics_buffer_object.cc">
      <Filter>源文件</Filter>
    </ClCompile>
    <ClCompile Include="transformer.cc">
      <Filter>源文件</Filter>
    </ClCompile>
    <ClCompile Include="math_definitions.h.cc">
      <Filter>源文件</Filter>
    </ClCompile>
    <ClCompile Include="graphics_data.cc">
      <Filter>源文件</Filter>
    </ClCompile>
    <ClCompile Include="open_gl_wrapper.cc">
      <Filter>源文件</Filter>
    </ClCompile>
    <ClCompile Include="mesh_stats.cc">
      <Filter>源文件</Filter>
    </ClCompile>
  </ItemGroup>
</Project>