<?xml version="1.0" encoding="utf-8"?>
<Project ToolsVersion="4.0" xmlns="http://schemas.microsoft.com/developer/msbuild/2003">
  <ItemGroup>
    <Filter Include="源文件">
      <UniqueIdentifier>{4FC737F1-C7A5-4376-A066-2A32D752A2FF}</UniqueIdentifier>
      <Extensions>cpp;c;cc;cxx;def;odl;idl;hpj;bat;asm;asmx</Extensions>
    </Filter>
    <Filter Include="头文件">
      <UniqueIdentifier>{93995380-89BD-4b04-88EB-625FBE52EBFB}</UniqueIdentifier>
      <Extensions>h;hh;hpp;hxx;hm;inl;inc;xsd</Extensions>
    </Filter>
    <Filter Include="资源文件">
      <UniqueIdentifier>{67DA6AB6-F800-4c08-8B7A-83BB121AAD01}</UniqueIdentifier>
      <Extensions>rc;ico;cur;bmp;dlg;rc2;rct;bin;rgs;gif;jpg;jpeg;jpe;resx;tiff;tif;png;wav;mfcribbon-ms</Extensions>
    </Filter>
    <Filter Include="头文件\misc">
      <UniqueIdentifier>{bc137a30-d3ee-4d16-8e7a-8038408a5bb2}</UniqueIdentifier>
    </Filter>
    <Filter Include="源文件\editing">
      <UniqueIdentifier>{753d5288-ad73-4da8-a0c5-73e88a9121f8}</UniqueIdentifier>
    </Filter>
    <Filter Include="源文件\editing\tools">
      <UniqueIdentifier>{20d4f3ff-6f40-4879-85c2-05d49d0bc621}</UniqueIdentifier>
    </Filter>
    <Filter Include="头文件\mesh">
      <UniqueIdentifier>{da372b07-c7c6-40a3-a2da-633382958e34}</UniqueIdentifier>
    </Filter>
    <Filter Include="源文件\mesh">
      <UniqueIdentifier>{a8d8de74-44a3-4ba4-818a-84b726086085}</UniqueIdentifier>
    </Filter>
    <Filter Include="头文件\math3d">
      <UniqueIdentifier>{39a552a7-c48d-4223-9413-650073dd8921}</UniqueIdentifier>
    </Filter>
    <Filter Include="源文件\math3d">
      <UniqueIdentifier>{d7f205a8-324a-41fc-93c2-afbf59a5fad2}</UniqueIdentifier>
    </Filter>
    <Filter Include="头文件\render">
      <UniqueIdentifier>{f5a1bb91-1e73-4129-94a2-a9d2e7dcfaad}</UniqueIdentifier>
    </Filter>
    <Filter Include="源文件\render">
      <UniqueIdentifier>{a4b615cf-a8f1-4288-b8dd-5253e4860422}</UniqueIdentifier>
    </Filter>
    <Filter Include="源文件\misc">
      <UniqueIdentifier>{1830ad1b-a1f1-4727-bd2d-555a10656196}</UniqueIdentifier>
    </Filter>
    <Filter Include="头文件\drawables">
      <UniqueIdentifier>{2ba28200-b750-43c8-a29b-ee660ffea437}</UniqueIdentifier>
    </Filter>
    <Filter Include="源文件\drawables">
      <UniqueIdentifier>{4a2a6de5-9b3d-4998-875b-5b1e9df72490}</UniqueIdentifier>
    </Filter>
    <Filter Include="头文件\render\shaders">
      <UniqueIdentifier>{a4cc2ec8-c05b-4017-a4b6-20729eb4f648}</UniqueIdentifier>
    </Filter>
    <Filter Include="源文件\render\shaders">
      <UniqueIdentifier>{ba928655-9069-45b7-b202-9135b77db526}</UniqueIdentifier>
    </Filter>
    <Filter Include="头文件\render\shaders\glsl">
      <UniqueIdentifier>{ecc997a1-d3d6-434e-a413-8a4e0f00a9e6}</UniqueIdentifier>
    </Filter>
    <Filter Include="头文件\editing">
      <UniqueIdentifier>{1b3149ec-2e3a-46c2-904a-3c6118e872d5}</UniqueIdentifier>
    </Filter>
    <Filter Include="头文件\editing\tools">
      <UniqueIdentifier>{90d54e58-6534-447a-8062-649048e3b7cc}</UniqueIdentifier>
    </Filter>
    <Filter Include="头文件\states">
      <UniqueIdentifier>{90ceb18d-3415-4c93-b383-9205c6d61c24}</UniqueIdentifier>
    </Filter>
    <Filter Include="源文件\states">
      <UniqueIdentifier>{076555e7-43e9-4593-8a4d-1d55d22484b4}</UniqueIdentifier>
    </Filter>
    <Filter Include="源文件\mesh\multi_resolution">
      <UniqueIdentifier>{1f0c8f4a-c663-4bc3-a9b8-95f194cce27a}</UniqueIdentifier>
    </Filter>
    <Filter Include="头文件\mesh\multi_resolution">
      <UniqueIdentifier>{1d4e7457-1609-4d00-aecc-def3750aba29}</UniqueIdentifier>
    </Filter>
    <Filter Include="头文件\mesh\mesh_static">
      <UniqueIdentifier>{1107cbd2-10ee-4408-a307-7c93212c38c6}</UniqueIdentifier>
    </Filter>
  </ItemGroup>
  <ItemGroup>
    <ClCompile Include="main.cc">
      <Filter>源文件</Filter>
    </ClCompile>
    <ClCompile Include="digital_sculpt_app.cc">
      <Filter>源文件</Filter>
    </ClCompile>
    <ClCompile Include="editing\tools\sculpt_base.cc">
      <Filter>源文件\editing\tools</Filter>
    </ClCompile>
    <ClCompile Include="mesh\mesh.cc">
      <Filter>源文件\mesh</Filter>
    </ClCompile>
    <ClCompile Include="mesh\mesh_transform_data.cc">
      <Filter>源文件\mesh</Filter>
    </ClCompile>
    <ClCompile Include="mesh\mesh_octree.cc">
      <Filter>源文件\mesh</Filter>
    </ClCompile>
    <ClCompile Include="math3d\octree_cell.cc">
      <Filter>源文件\math3d</Filter>
    </ClCompile>
    <ClCompile Include="mesh\mesh_render_data.cc">
      <Filter>源文件\mesh</Filter>
    </ClCompile>
    <ClCompile Include="render\buffer.cc">
      <Filter>源文件\render</Filter>
    </ClCompile>
    <ClCompile Include="mesh\render_data.cc">
      <Filter>源文件\mesh</Filter>
    </ClCompile>
    <ClCompile Include="mesh\mesh_render.cc">
      <Filter>源文件\mesh</Filter>
    </ClCompile>
    <ClCompile Include="mesh\mesh_update_buffer.cc">
      <Filter>源文件\mesh</Filter>
    </ClCompile>
    <ClCompile Include="math3d\picking.cc">
      <Filter>源文件\math3d</Filter>
    </ClCompile>
    <ClCompile Include="math3d\alpha_info.cc">
      <Filter>源文件\math3d</Filter>
    </ClCompile>
    <ClCompile Include="misc\utils.cc">
      <Filter>源文件\misc</Filter>
    </ClCompile>
    <ClCompile Include="drawables\selection.cc">
      <Filter>源文件\drawables</Filter>
    </ClCompile>
    <ClCompile Include="math3d\geometry.cc">
      <Filter>源文件\math3d</Filter>
    </ClCompile>
    <ClCompile Include="math3d\camera.cc">
      <Filter>源文件\math3d</Filter>
    </ClCompile>
    <ClCompile Include="scene.cc">
      <Filter>源文件</Filter>
    </ClCompile>
    <ClCompile Include="render\shaders\shader_base.cc">
      <Filter>源文件\render\shaders</Filter>
    </ClCompile>
    <ClCompile Include="render\shaders\shader_flat.cc">
      <Filter>源文件\render\shaders</Filter>
    </ClCompile>
    <ClCompile Include="render\shader_lib.cc">
      <Filter>源文件\render</Filter>
    </ClCompile>
    <ClCompile Include="render\shaders\shader_background.cc">
      <Filter>源文件\render\shaders</Filter>
    </ClCompile>
    <ClCompile Include="render\shaders\shader_blur.cc">
      <Filter>源文件\render\shaders</Filter>
    </ClCompile>
    <ClCompile Include="render\shaders\shader_contour.cc">
      <Filter>源文件\render\shaders</Filter>
    </ClCompile>
    <ClCompile Include="render\shaders\shader_fxaa.cc">
      <Filter>源文件\render\shaders</Filter>
    </ClCompile>
    <ClCompile Include="render\shaders\shader_matcap.cc">
      <Filter>源文件\render\shaders</Filter>
    </ClCompile>
    <ClCompile Include="render\shaders\shader_merge.cc">
      <Filter>源文件\render\shaders</Filter>
    </ClCompile>
    <ClCompile Include="render\shaders\shader_normal.cc">
      <Filter>源文件\render\shaders</Filter>
    </ClCompile>
    <ClCompile Include="render\shaders\shader_paintuv.cc">
      <Filter>源文件\render\shaders</Filter>
    </ClCompile>
    <ClCompile Include="render\shaders\shader_pbr.cc">
      <Filter>源文件\render\shaders</Filter>
    </ClCompile>
    <ClCompile Include="render\attribute.cc">
      <Filter>源文件\render</Filter>
    </ClCompile>
    <ClCompile Include="editing\sculpt_manager.cc">
      <Filter>源文件\editing</Filter>
    </ClCompile>
    <ClCompile Include="states\state_add_remove.cc">
      <Filter>源文件\states</Filter>
    </ClCompile>
    <ClCompile Include="states\state_color_and_material.cc">
      <Filter>源文件\states</Filter>
    </ClCompile>
    <ClCompile Include="states\state_custom.cc">
      <Filter>源文件\states</Filter>
    </ClCompile>
    <ClCompile Include="states\state_dynamic.cc">
      <Filter>源文件\states</Filter>
    </ClCompile>
    <ClCompile Include="states\state_geometry.cc">
      <Filter>源文件\states</Filter>
    </ClCompile>
    <ClCompile Include="states\state_manager.cc">
      <Filter>源文件\states</Filter>
    </ClCompile>
    <ClCompile Include="states\state_multi_resolution.cc">
      <Filter>源文件\states</Filter>
    </ClCompile>
    <ClCompile Include="mesh\multi_resolution\mesh_resolution.cc">
      <Filter>源文件\mesh\multi_resolution</Filter>
    </ClCompile>
    <ClCompile Include="mesh\multi_resolution\multi_mesh.cc">
      <Filter>源文件\mesh\multi_resolution</Filter>
    </ClCompile>
    <ClCompile Include="editing\gizmo.cc">
      <Filter>源文件\editing</Filter>
    </ClCompile>
    <ClCompile Include="editing\hole_filling.cc">
      <Filter>源文件\editing</Filter>
    </ClCompile>
    <ClCompile Include="editing\marching_cubes.cc">
      <Filter>源文件\editing</Filter>
    </ClCompile>
    <ClCompile Include="editing\remesh.cc">
      <Filter>源文件\editing</Filter>
    </ClCompile>
    <ClCompile Include="editing\reversion.cc">
      <Filter>源文件\editing</Filter>
    </ClCompile>
    <ClCompile Include="editing\subdivision.cc">
      <Filter>源文件\editing</Filter>
    </ClCompile>
    <ClCompile Include="editing\surface_nets.cc">
      <Filter>源文件\editing</Filter>
    </ClCompile>
  </ItemGroup>
  <ItemGroup>
    <ClInclude Include="digital_sculpt_app.h">
      <Filter>头文件</Filter>
    </ClInclude>
    <ClInclude Include="misc\enums.h">
      <Filter>头文件\misc</Filter>
    </ClInclude>
    <ClInclude Include="misc\utils.h">
      <Filter>头文件\misc</Filter>
    </ClInclude>
    <ClInclude Include="editing\tools\sculpt_base.h">
      <Filter>头文件\editing\tools</Filter>
    </ClInclude>
    <ClInclude Include="mesh\mesh.h">
      <Filter>头文件\mesh</Filter>
    </ClInclude>
    <ClInclude Include="mesh\mesh_data.h">
      <Filter>头文件\mesh</Filter>
    </ClInclude>
    <ClInclude Include="mesh\render_data.h">
      <Filter>头文件\mesh</Filter>
    </ClInclude>
    <ClInclude Include="mesh\transform_data.h">
      <Filter>头文件\mesh</Filter>
    </ClInclude>
    <ClInclude Include="misc\array_1d.h">
      <Filter>头文件\misc</Filter>
    </ClInclude>
    <ClInclude Include="misc\array_2d.h">
      <Filter>头文件\misc</Filter>
    </ClInclude>
    <ClInclude Include="misc\array_nd.h">
      <Filter>头文件\misc</Filter>
    </ClInclude>
    <ClInclude Include="math3d\octree_cell.h">
      <Filter>头文件\math3d</Filter>
    </ClInclude>
    <ClInclude Include="render\buffer.h">
      <Filter>头文件\render</Filter>
    </ClInclude>
    <ClInclude Include="mesh\cache_store_info.h">
      <Filter>头文件\mesh</Filter>
    </ClInclude>
    <ClInclude Include="math3d\picking.h">
      <Filter>头文件\math3d</Filter>
    </ClInclude>
    <ClInclude Include="math3d\alpha_info.h">
      <Filter>头文件\math3d</Filter>
    </ClInclude>
    <ClInclude Include="drawables\selection.h">
      <Filter>头文件\drawables</Filter>
    </ClInclude>
    <ClInclude Include="math3d\camera.h">
      <Filter>头文件\math3d</Filter>
    </ClInclude>
    <ClInclude Include="math3d\geometry.h">
      <Filter>头文件\math3d</Filter>
    </ClInclude>
    <ClInclude Include="math3d\glm_extension.h">
      <Filter>头文件\math3d</Filter>
    </ClInclude>
    <ClInclude Include="scene.h">
      <Filter>头文件</Filter>
    </ClInclude>
    <ClInclude Include="render\shaders\shader_base.h">
      <Filter>头文件\render\shaders</Filter>
    </ClInclude>
    <ClInclude Include="render\shaders\shader_flat.h">
      <Filter>头文件\render\shaders</Filter>
    </ClInclude>
    <ClInclude Include="render\shader_lib.h">
      <Filter>头文件\render</Filter>
    </ClInclude>
    <ClInclude Include="render\shaders\shader_pbr.h">
      <Filter>头文件\render\shaders</Filter>
    </ClInclude>
    <ClInclude Include="render\shaders\shader_paintuv.h">
      <Filter>头文件\render\shaders</Filter>
    </ClInclude>
    <ClInclude Include="render\shaders\shader_normal.h">
      <Filter>头文件\render\shaders</Filter>
    </ClInclude>
    <ClInclude Include="render\shaders\shader_merge.h">
      <Filter>头文件\render\shaders</Filter>
    </ClInclude>
    <ClInclude Include="render\shaders\shader_matcap.h">
      <Filter>头文件\render\shaders</Filter>
    </ClInclude>
    <ClInclude Include="render\shaders\shader_fxaa.h">
      <Filter>头文件\render\shaders</Filter>
    </ClInclude>
    <ClInclude Include="render\shaders\shader_contour.h">
      <Filter>头文件\render\shaders</Filter>
    </ClInclude>
    <ClInclude Include="render\shaders\shader_blur.h">
      <Filter>头文件\render\shaders</Filter>
    </ClInclude>
    <ClInclude Include="render\shaders\shader_background.h">
      <Filter>头文件\render\shaders</Filter>
    </ClInclude>
    <ClInclude Include="render\shaders\glsl\glsl_color_space.h">
      <Filter>头文件\render\shaders\glsl</Filter>
    </ClInclude>
    <ClInclude Include="render\shaders\glsl\glsl_curvature.h">
      <Filter>头文件\render\shaders\glsl</Filter>
    </ClInclude>
    <ClInclude Include="render\shaders\glsl\glsl_fxaa.h">
      <Filter>头文件\render\shaders\glsl</Filter>
    </ClInclude>
    <ClInclude Include="render\shaders\glsl\glsl_main_background.h">
      <Filter>头文件\render\shaders\glsl</Filter>
    </ClInclude>
    <ClInclude Include="render\shaders\glsl\glsl_outline.h">
      <Filter>头文件\render\shaders\glsl</Filter>
    </ClInclude>
    <ClInclude Include="render\shaders\glsl\glsl_pbr.h">
      <Filter>头文件\render\shaders\glsl</Filter>
    </ClInclude>
    <ClInclude Include="render\attribute.h">
      <Filter>头文件\render</Filter>
    </ClInclude>
    <ClInclude Include="editing\sculpt_manager.h">
      <Filter>头文件\editing</Filter>
    </ClInclude>
    <ClInclude Include="states\state_add_remove.h">
      <Filter>头文件\states</Filter>
    </ClInclude>
    <ClInclude Include="states\state_color_and_material.h">
      <Filter>头文件\states</Filter>
    </ClInclude>
    <ClInclude Include="states\state_custom.h">
      <Filter>头文件\states</Filter>
    </ClInclude>
    <ClInclude Include="states\state_dynamic.h">
      <Filter>头文件\states</Filter>
    </ClInclude>
    <ClInclude Include="states\state_geometry.h">
      <Filter>头文件\states</Filter>
    </ClInclude>
    <ClInclude Include="states\state_manager.h">
      <Filter>头文件\states</Filter>
    </ClInclude>
    <ClInclude Include="states\state_multi_resolution.h">
      <Filter>头文件\states</Filter>
    </ClInclude>
    <ClInclude Include="states\state.h">
      <Filter>头文件\states</Filter>
    </ClInclude>
    <ClInclude Include="mesh\multi_resolution\mesh_resolution.h">
      <Filter>头文件\mesh\multi_resolution</Filter>
    </ClInclude>
    <ClInclude Include="mesh\multi_resolution\multi_mesh.h">
      <Filter>头文件\mesh\multi_resolution</Filter>
    </ClInclude>
    <ClInclude Include="editing\gizmo.h">
      <Filter>头文件\editing</Filter>
    </ClInclude>
    <ClInclude Include="editing\hole_filling.h">
      <Filter>头文件\editing</Filter>
    </ClInclude>
    <ClInclude Include="editing\marching_cubes.h">
      <Filter>头文件\editing</Filter>
    </ClInclude>
    <ClInclude Include="editing\remesh.h">
      <Filter>头文件\editing</Filter>
    </ClInclude>
    <ClInclude Include="editing\reversion.h">
      <Filter>头文件\editing</Filter>
    </ClInclude>
    <ClInclude Include="editing\subdivision.h">
      <Filter>头文件\editing</Filter>
    </ClInclude>
    <ClInclude Include="editing\surface_nets.h">
      <Filter>头文件\editing</Filter>
    </ClInclude>
    <ClInclude Include="mesh\mesh_static\mesh_static.h">
      <Filter>头文件\mesh\mesh_static</Filter>
    </ClInclude>
  </ItemGroup>
</Project>