<?xml version="1.0" encoding="UTF-8"?>
<Project ToolsVersion="12.0" xmlns="http://schemas.microsoft.com/developer/msbuild/2003">
  <ItemGroup>
    <CustomBuild Include="F:\kgl\3rd\glm_0_9_7_5\CMakeFiles\c8941044bbc17bea0d4a723b83f03506\RUN_TESTS_force.rule">
      <Filter>CMake Rules</Filter>
    </CustomBuild>
  </ItemGroup>
  <ItemGroup>
    <Filter Include="CMake Rules">
      <UniqueIdentifier>{846D5756-5346-3766-99FF-F64D248F4352}</UniqueIdentifier>
    </Filter>
  </ItemGroup>
</Project>
