// !$*UTF8*$!
{
	archiveVersion = 1;
	classes = {
	};
	objectVersion = 46;
	objects = {

/* Begin PBXBuildFile section */
		069268F11F8BD2F40008791F /* main.cc in Sources */ = {isa = PBXBuildFile; fileRef = 069268EE1F8BD2F40008791F /* main.cc */; };
		069268F21F8BD2F40008791F /* texture_app.cc in Sources */ = {isa = PBXBuildFile; fileRef = 069268EF1F8BD2F40008791F /* texture_app.cc */; };
		069268F51F8BD31A0008791F /* OpenGL.framework in Frameworks */ = {isa = PBXBuildFile; fileRef = 069268F41F8BD31A0008791F /* OpenGL.framework */; };
		069268F71F8BD3440008791F /* libfreetype.a in Frameworks */ = {isa = PBXBuildFile; fileRef = 069268F61F8BD3440008791F /* libfreetype.a */; };
		069268FA1F8BD38E0008791F /* libcharset.1.dylib in Frameworks */ = {isa = PBXBuildFile; fileRef = 069268F81F8BD38E0008791F /* libcharset.1.dylib */; };
		069268FB1F8BD38E0008791F /* libiconv.2.dylib in Frameworks */ = {isa = PBXBuildFile; fileRef = 069268F91F8BD38E0008791F /* libiconv.2.dylib */; };
		069268FD1F8BD3FA0008791F /* libtinyxml2.5.0.1.dylib in Frameworks */ = {isa = PBXBuildFile; fileRef = 069268FC1F8BD3FA0008791F /* libtinyxml2.5.0.1.dylib */; };
		069268FF1F8BD41C0008791F /* libassimp.4.0.1.dylib in Frameworks */ = {isa = PBXBuildFile; fileRef = 069268FE1F8BD41C0008791F /* libassimp.4.0.1.dylib */; };
		069269011F8BD43E0008791F /* libglfw.3.2.dylib in Frameworks */ = {isa = PBXBuildFile; fileRef = 069269001F8BD43E0008791F /* libglfw.3.2.dylib */; };
		069269031F8BD4530008791F /* libGLEW.a in Frameworks */ = {isa = PBXBuildFile; fileRef = 069269021F8BD4530008791F /* libGLEW.a */; };
		069269051F8BD4A50008791F /* libklib.a in Frameworks */ = {isa = PBXBuildFile; fileRef = 069269041F8BD4A50008791F /* libklib.a */; };
		06BC47351F93B91F00EDA9DD /* libfreeimage.a in Frameworks */ = {isa = PBXBuildFile; fileRef = 06BC47331F93B91F00EDA9DD /* libfreeimage.a */; };
		06BC47361F93B91F00EDA9DD /* libfreeimageplus.a in Frameworks */ = {isa = PBXBuildFile; fileRef = 06BC47341F93B91F00EDA9DD /* libfreeimageplus.a */; };
/* End PBXBuildFile section */

/* Begin PBXCopyFilesBuildPhase section */
		069268E21F8BD2A30008791F /* CopyFiles */ = {
			isa = PBXCopyFilesBuildPhase;
			buildActionMask = 2147483647;
			dstPath = /usr/share/man/man1/;
			dstSubfolderSpec = 0;
			files = (
			);
			runOnlyForDeploymentPostprocessing = 1;
		};
/* End PBXCopyFilesBuildPhase section */

/* Begin PBXFileReference section */
		069268E41F8BD2A30008791F /* 003_Texture */ = {isa = PBXFileReference; explicitFileType = "compiled.mach-o.executable"; includeInIndex = 0; path = 003_Texture; sourceTree = BUILT_PRODUCTS_DIR; };
		069268EE1F8BD2F40008791F /* main.cc */ = {isa = PBXFileReference; fileEncoding = 4; lastKnownFileType = sourcecode.cpp.cpp; path = main.cc; sourceTree = "<group>"; };
		069268EF1F8BD2F40008791F /* texture_app.cc */ = {isa = PBXFileReference; fileEncoding = 4; lastKnownFileType = sourcecode.cpp.cpp; path = texture_app.cc; sourceTree = "<group>"; };
		069268F01F8BD2F40008791F /* texture_app.h */ = {isa = PBXFileReference; fileEncoding = 4; lastKnownFileType = sourcecode.c.h; path = texture_app.h; sourceTree = "<group>"; };
		069268F41F8BD31A0008791F /* OpenGL.framework */ = {isa = PBXFileReference; lastKnownFileType = wrapper.framework; name = OpenGL.framework; path = System/Library/Frameworks/OpenGL.framework; sourceTree = SDKROOT; };
		069268F61F8BD3440008791F /* libfreetype.a */ = {isa = PBXFileReference; lastKnownFileType = archive.ar; name = libfreetype.a; path = ../../../../../../usr/local/Cellar/freetype/2.8.1/lib/libfreetype.a; sourceTree = "<group>"; };
		069268F81F8BD38E0008791F /* libcharset.1.dylib */ = {isa = PBXFileReference; lastKnownFileType = "compiled.mach-o.dylib"; name = libcharset.1.dylib; path = ../../../../../../usr/local/Cellar/libiconv/1.15/lib/libcharset.1.dylib; sourceTree = "<group>"; };
		069268F91F8BD38E0008791F /* libiconv.2.dylib */ = {isa = PBXFileReference; lastKnownFileType = "compiled.mach-o.dylib"; name = libiconv.2.dylib; path = ../../../../../../usr/local/Cellar/libiconv/1.15/lib/libiconv.2.dylib; sourceTree = "<group>"; };
		069268FC1F8BD3FA0008791F /* libtinyxml2.5.0.1.dylib */ = {isa = PBXFileReference; lastKnownFileType = "compiled.mach-o.dylib"; name = libtinyxml2.5.0.1.dylib; path = ../../../../../../usr/local/Cellar/tinyxml2/5.0.1/lib/libtinyxml2.5.0.1.dylib; sourceTree = "<group>"; };
		069268FE1F8BD41C0008791F /* libassimp.4.0.1.dylib */ = {isa = PBXFileReference; lastKnownFileType = "compiled.mach-o.dylib"; name = libassimp.4.0.1.dylib; path = ../../../../../../usr/local/Cellar/assimp/4.0.1/lib/libassimp.4.0.1.dylib; sourceTree = "<group>"; };
		069269001F8BD43E0008791F /* libglfw.3.2.dylib */ = {isa = PBXFileReference; lastKnownFileType = "compiled.mach-o.dylib"; name = libglfw.3.2.dylib; path = ../../../../../../usr/local/Cellar/glfw/3.2.1/lib/libglfw.3.2.dylib; sourceTree = "<group>"; };
		069269021F8BD4530008791F /* libGLEW.a */ = {isa = PBXFileReference; lastKnownFileType = archive.ar; name = libGLEW.a; path = ../../../../../../usr/local/Cellar/glew/2.1.0/lib/libGLEW.a; sourceTree = "<group>"; };
		069269041F8BD4A50008791F /* libklib.a */ = {isa = PBXFileReference; lastKnownFileType = archive.ar; name = libklib.a; path = "../../../../Library/Developer/Xcode/DerivedData/kgl-doezsitagatkslchowbqrsyfzisz/Build/Products/Debug/libklib.a"; sourceTree = "<group>"; };
		06BC47331F93B91F00EDA9DD /* libfreeimage.a */ = {isa = PBXFileReference; lastKnownFileType = archive.ar; name = libfreeimage.a; path = ../../../../../../usr/local/Cellar/freeimage/3.17.0_1/lib/libfreeimage.a; sourceTree = "<group>"; };
		06BC47341F93B91F00EDA9DD /* libfreeimageplus.a */ = {isa = PBXFileReference; lastKnownFileType = archive.ar; name = libfreeimageplus.a; path = ../../../../../../usr/local/Cellar/freeimage/3.17.0_1/lib/libfreeimageplus.a; sourceTree = "<group>"; };
/* End PBXFileReference section */

/* Begin PBXFrameworksBuildPhase section */
		069268E11F8BD2A30008791F /* Frameworks */ = {
			isa = PBXFrameworksBuildPhase;
			buildActionMask = 2147483647;
			files = (
				06BC47351F93B91F00EDA9DD /* libfreeimage.a in Frameworks */,
				06BC47361F93B91F00EDA9DD /* libfreeimageplus.a in Frameworks */,
				069269051F8BD4A50008791F /* libklib.a in Frameworks */,
				069269031F8BD4530008791F /* libGLEW.a in Frameworks */,
				069269011F8BD43E0008791F /* libglfw.3.2.dylib in Frameworks */,
				069268FF1F8BD41C0008791F /* libassimp.4.0.1.dylib in Frameworks */,
				069268FD1F8BD3FA0008791F /* libtinyxml2.5.0.1.dylib in Frameworks */,
				069268FA1F8BD38E0008791F /* libcharset.1.dylib in Frameworks */,
				069268FB1F8BD38E0008791F /* libiconv.2.dylib in Frameworks */,
				069268F71F8BD3440008791F /* libfreetype.a in Frameworks */,
				069268F51F8BD31A0008791F /* OpenGL.framework in Frameworks */,
			);
			runOnlyForDeploymentPostprocessing = 0;
		};
/* End PBXFrameworksBuildPhase section */

/* Begin PBXGroup section */
		069268DB1F8BD2A30008791F = {
			isa = PBXGroup;
			children = (
				069268EE1F8BD2F40008791F /* main.cc */,
				069268EF1F8BD2F40008791F /* texture_app.cc */,
				069268F01F8BD2F40008791F /* texture_app.h */,
				069268E51F8BD2A30008791F /* Products */,
				069268F31F8BD3190008791F /* Frameworks */,
			);
			sourceTree = "<group>";
		};
		069268E51F8BD2A30008791F /* Products */ = {
			isa = PBXGroup;
			children = (
				069268E41F8BD2A30008791F /* 003_Texture */,
			);
			name = Products;
			sourceTree = "<group>";
		};
		069268F31F8BD3190008791F /* Frameworks */ = {
			isa = PBXGroup;
			children = (
				06BC47331F93B91F00EDA9DD /* libfreeimage.a */,
				06BC47341F93B91F00EDA9DD /* libfreeimageplus.a */,
				069269041F8BD4A50008791F /* libklib.a */,
				069269021F8BD4530008791F /* libGLEW.a */,
				069269001F8BD43E0008791F /* libglfw.3.2.dylib */,
				069268FE1F8BD41C0008791F /* libassimp.4.0.1.dylib */,
				069268FC1F8BD3FA0008791F /* libtinyxml2.5.0.1.dylib */,
				069268F81F8BD38E0008791F /* libcharset.1.dylib */,
				069268F91F8BD38E0008791F /* libiconv.2.dylib */,
				069268F61F8BD3440008791F /* libfreetype.a */,
				069268F41F8BD31A0008791F /* OpenGL.framework */,
			);
			name = Frameworks;
			sourceTree = "<group>";
		};
/* End PBXGroup section */

/* Begin PBXNativeTarget section */
		069268E31F8BD2A30008791F /* 003_Texture */ = {
			isa = PBXNativeTarget;
			buildConfigurationList = 069268EB1F8BD2A30008791F /* Build configuration list for PBXNativeTarget "003_Texture" */;
			buildPhases = (
				069268E01F8BD2A30008791F /* Sources */,
				069268E11F8BD2A30008791F /* Frameworks */,
				069268E21F8BD2A30008791F /* CopyFiles */,
			);
			buildRules = (
			);
			dependencies = (
			);
			name = 003_Texture;
			productName = 003_Texture;
			productReference = 069268E41F8BD2A30008791F /* 003_Texture */;
			productType = "com.apple.product-type.tool";
		};
/* End PBXNativeTarget section */

/* Begin PBXProject section */
		069268DC1F8BD2A30008791F /* Project object */ = {
			isa = PBXProject;
			attributes = {
				LastUpgradeCheck = 0820;
				ORGANIZATIONNAME = xiongxinke;
				TargetAttributes = {
					069268E31F8BD2A30008791F = {
						CreatedOnToolsVersion = 8.2.1;
						ProvisioningStyle = Automatic;
					};
				};
			};
			buildConfigurationList = 069268DF1F8BD2A30008791F /* Build configuration list for PBXProject "003_Texture" */;
			compatibilityVersion = "Xcode 3.2";
			developmentRegion = English;
			hasScannedForEncodings = 0;
			knownRegions = (
				en,
			);
			mainGroup = 069268DB1F8BD2A30008791F;
			productRefGroup = 069268E51F8BD2A30008791F /* Products */;
			projectDirPath = "";
			projectRoot = "";
			targets = (
				069268E31F8BD2A30008791F /* 003_Texture */,
			);
		};
/* End PBXProject section */

/* Begin PBXSourcesBuildPhase section */
		069268E01F8BD2A30008791F /* Sources */ = {
			isa = PBXSourcesBuildPhase;
			buildActionMask = 2147483647;
			files = (
				069268F11F8BD2F40008791F /* main.cc in Sources */,
				069268F21F8BD2F40008791F /* texture_app.cc in Sources */,
			);
			runOnlyForDeploymentPostprocessing = 0;
		};
/* End PBXSourcesBuildPhase section */

/* Begin XCBuildConfiguration section */
		069268E91F8BD2A30008791F /* Debug */ = {
			isa = XCBuildConfiguration;
			buildSettings = {
				ALWAYS_SEARCH_USER_PATHS = NO;
				CLANG_ANALYZER_NONNULL = YES;
				CLANG_CXX_LANGUAGE_STANDARD = "gnu++0x";
				CLANG_CXX_LIBRARY = "libc++";
				CLANG_ENABLE_MODULES = YES;
				CLANG_ENABLE_OBJC_ARC = YES;
				CLANG_WARN_BOOL_CONVERSION = YES;
				CLANG_WARN_CONSTANT_CONVERSION = YES;
				CLANG_WARN_DIRECT_OBJC_ISA_USAGE = YES_ERROR;
				CLANG_WARN_DOCUMENTATION_COMMENTS = YES;
				CLANG_WARN_EMPTY_BODY = YES;
				CLANG_WARN_ENUM_CONVERSION = YES;
				CLANG_WARN_INFINITE_RECURSION = YES;
				CLANG_WARN_INT_CONVERSION = YES;
				CLANG_WARN_OBJC_ROOT_CLASS = YES_ERROR;
				CLANG_WARN_SUSPICIOUS_MOVE = YES;
				CLANG_WARN_UNREACHABLE_CODE = YES;
				CLANG_WARN__DUPLICATE_METHOD_MATCH = YES;
				CODE_SIGN_IDENTITY = "-";
				COPY_PHASE_STRIP = NO;
				DEBUG_INFORMATION_FORMAT = dwarf;
				ENABLE_STRICT_OBJC_MSGSEND = YES;
				ENABLE_TESTABILITY = YES;
				GCC_C_LANGUAGE_STANDARD = gnu99;
				GCC_DYNAMIC_NO_PIC = NO;
				GCC_NO_COMMON_BLOCKS = YES;
				GCC_OPTIMIZATION_LEVEL = 0;
				GCC_PREPROCESSOR_DEFINITIONS = (
					"DEBUG=1",
					"$(inherited)",
				);
				GCC_WARN_64_TO_32_BIT_CONVERSION = YES;
				GCC_WARN_ABOUT_RETURN_TYPE = YES_ERROR;
				GCC_WARN_UNDECLARED_SELECTOR = YES;
				GCC_WARN_UNINITIALIZED_AUTOS = YES_AGGRESSIVE;
				GCC_WARN_UNUSED_FUNCTION = YES;
				GCC_WARN_UNUSED_VARIABLE = YES;
				MACOSX_DEPLOYMENT_TARGET = 10.12;
				MTL_ENABLE_DEBUG_INFO = YES;
				ONLY_ACTIVE_ARCH = YES;
				SDKROOT = macosx;
			};
			name = Debug;
		};
		069268EA1F8BD2A30008791F /* Release */ = {
			isa = XCBuildConfiguration;
			buildSettings = {
				ALWAYS_SEARCH_USER_PATHS = NO;
				CLANG_ANALYZER_NONNULL = YES;
				CLANG_CXX_LANGUAGE_STANDARD = "gnu++0x";
				CLANG_CXX_LIBRARY = "libc++";
				CLANG_ENABLE_MODULES = YES;
				CLANG_ENABLE_OBJC_ARC = YES;
				CLANG_WARN_BOOL_CONVERSION = YES;
				CLANG_WARN_CONSTANT_CONVERSION = YES;
				CLANG_WARN_DIRECT_OBJC_ISA_USAGE = YES_ERROR;
				CLANG_WARN_DOCUMENTATION_COMMENTS = YES;
				CLANG_WARN_EMPTY_BODY = YES;
				CLANG_WARN_ENUM_CONVERSION = YES;
				CLANG_WARN_INFINITE_RECURSION = YES;
				CLANG_WARN_INT_CONVERSION = YES;
				CLANG_WARN_OBJC_ROOT_CLASS = YES_ERROR;
				CLANG_WARN_SUSPICIOUS_MOVE = YES;
				CLANG_WARN_UNREACHABLE_CODE = YES;
				CLANG_WARN__DUPLICATE_METHOD_MATCH = YES;
				CODE_SIGN_IDENTITY = "-";
				COPY_PHASE_STRIP = NO;
				DEBUG_INFORMATION_FORMAT = "dwarf-with-dsym";
				ENABLE_NS_ASSERTIONS = NO;
				ENABLE_STRICT_OBJC_MSGSEND = YES;
				GCC_C_LANGUAGE_STANDARD = gnu99;
				GCC_NO_COMMON_BLOCKS = YES;
				GCC_WARN_64_TO_32_BIT_CONVERSION = YES;
				GCC_WARN_ABOUT_RETURN_TYPE = YES_ERROR;
				GCC_WARN_UNDECLARED_SELECTOR = YES;
				GCC_WARN_UNINITIALIZED_AUTOS = YES_AGGRESSIVE;
				GCC_WARN_UNUSED_FUNCTION = YES;
				GCC_WARN_UNUSED_VARIABLE = YES;
				MACOSX_DEPLOYMENT_TARGET = 10.12;
				MTL_ENABLE_DEBUG_INFO = NO;
				SDKROOT = macosx;
			};
			name = Release;
		};
		069268EC1F8BD2A30008791F /* Debug */ = {
			isa = XCBuildConfiguration;
			buildSettings = {
				HEADER_SEARCH_PATHS = (
					"$(tinyxml2_header)",
					"$(assimp_header)",
					"$(freetype_header)/**",
					"$(glm_header)",
					"$(glfw_header)",
					"$(glew_header)",
					"$(boost_header)",
					"$(freeimage_header)",
				);
				LIBRARY_SEARCH_PATHS = (
					"$(inherited)",
					/usr/local/Cellar/freetype/2.8.1/lib,
					/usr/local/Cellar/libiconv/1.15/lib,
					/usr/local/Cellar/tinyxml2/5.0.1/lib,
					/usr/local/Cellar/assimp/4.0.1/lib,
					/usr/local/Cellar/glfw/3.2.1/lib,
					/usr/local/Cellar/glew/2.1.0/lib,
					/usr/local/Cellar/freeimage/3.17.0_1/lib,
				);
				PRODUCT_NAME = "$(TARGET_NAME)";
			};
			name = Debug;
		};
		069268ED1F8BD2A30008791F /* Release */ = {
			isa = XCBuildConfiguration;
			buildSettings = {
				HEADER_SEARCH_PATHS = (
					"$(tinyxml2_header)",
					"$(assimp_header)",
					"$(freetype_header)/**",
					"$(glm_header)",
					"$(glfw_header)",
					"$(glew_header)",
					"$(boost_header)",
					"$(freeimage_header)",
				);
				LIBRARY_SEARCH_PATHS = (
					"$(inherited)",
					/usr/local/Cellar/freetype/2.8.1/lib,
					/usr/local/Cellar/libiconv/1.15/lib,
					/usr/local/Cellar/tinyxml2/5.0.1/lib,
					/usr/local/Cellar/assimp/4.0.1/lib,
					/usr/local/Cellar/glfw/3.2.1/lib,
					/usr/local/Cellar/glew/2.1.0/lib,
					/usr/local/Cellar/freeimage/3.17.0_1/lib,
				);
				PRODUCT_NAME = "$(TARGET_NAME)";
			};
			name = Release;
		};
/* End XCBuildConfiguration section */

/* Begin XCConfigurationList section */
		069268DF1F8BD2A30008791F /* Build configuration list for PBXProject "003_Texture" */ = {
			isa = XCConfigurationList;
			buildConfigurations = (
				069268E91F8BD2A30008791F /* Debug */,
				069268EA1F8BD2A30008791F /* Release */,
			);
			defaultConfigurationIsVisible = 0;
			defaultConfigurationName = Release;
		};
		069268EB1F8BD2A30008791F /* Build configuration list for PBXNativeTarget "003_Texture" */ = {
			isa = XCConfigurationList;
			buildConfigurations = (
				069268EC1F8BD2A30008791F /* Debug */,
				069268ED1F8BD2A30008791F /* Release */,
			);
			defaultConfigurationIsVisible = 0;
			defaultConfigurationName = Release;
		};
/* End XCConfigurationList section */
	};
	rootObject = 069268DC1F8BD2A30008791F /* Project object */;
}
